{
  "nodes": {
    "nixpkgs": {
      "locked": {
        "lastModified": 1739137003,
        "narHash": "sha256-ByHy3OP4EkMG45eYEAqo2mnxZUGYZkaCN8Pc+EP5xYk=",
        "owner": "nixos",
        "repo": "nixpkgs",
        "rev": "3f1f76f193388c4bbaac4c26dfb0b37a5eab60a4",
        "type": "github"
      },
      "original": {
        "owner": "nixos",
        "ref": "nixos-24.11-small",
        "repo": "nixpkgs",
        "type": "github"
      }
    },
    "root": {
      "inputs": {
        "nixpkgs": "nixpkgs"
      }
    }
  },
  "root": "root",
  "version": 7
}
